// !$*UTF8*$!
{
	archiveVersion = 1;
	classes = {
	};
	objectVersion = 56;
	objects = {

/* Begin PBXBuildFile section */
		920D97742C4791B1003C0E29 /* AppDelegate.swift in Sources */ = {isa = PBXBuildFile; fileRef = 920D97732C4791B1003C0E29 /* AppDelegate.swift */; };
		920D97762C4791B1003C0E29 /* SceneDelegate.swift in Sources */ = {isa = PBXBuildFile; fileRef = 920D97752C4791B1003C0E29 /* SceneDelegate.swift */; };
		920D977B2C4791B1003C0E29 /* Main.storyboard in Resources */ = {isa = PBXBuildFile; fileRef = 920D97792C4791B1003C0E29 /* Main.storyboard */; };
		920D977E2C4791B1003C0E29 /* NeoStore_Training_App.xcdatamodeld in Sources */ = {isa = PBXBuildFile; fileRef = 920D977C2C4791B1003C0E29 /* NeoStore_Training_App.xcdatamodeld */; };
		920D97802C4791B4003C0E29 /* Assets.xcassets in Resources */ = {isa = PBXBuildFile; fileRef = 920D977F2C4791B4003C0E29 /* Assets.xcassets */; };
		920D97832C4791B4003C0E29 /* LaunchScreen.storyboard in Resources */ = {isa = PBXBuildFile; fileRef = 920D97812C4791B4003C0E29 /* LaunchScreen.storyboard */; };
		920D978C2C47920F003C0E29 /* Alamofire in Frameworks */ = {isa = PBXBuildFile; productRef = 920D978B2C47920F003C0E29 /* Alamofire */; };
		920D97952C47C5F2003C0E29 /* APIManager.swift in Sources */ = {isa = PBXBuildFile; fileRef = 920D97942C47C5F2003C0E29 /* APIManager.swift */; };
		920D97A02C47CCAE003C0E29 /* LoginModel.swift in Sources */ = {isa = PBXBuildFile; fileRef = 920D979F2C47CCAE003C0E29 /* LoginModel.swift */; };
		920D97A32C47CD2E003C0E29 /* LoginViewController.swift in Sources */ = {isa = PBXBuildFile; fileRef = 920D97A22C47CD2E003C0E29 /* LoginViewController.swift */; };
		920D97A52C47CE9D003C0E29 /* LoginViewModel.swift in Sources */ = {isa = PBXBuildFile; fileRef = 920D97A42C47CE9D003C0E29 /* LoginViewModel.swift */; };
		920D97A72C47DD15003C0E29 /* EndPointType.swift in Sources */ = {isa = PBXBuildFile; fileRef = 920D97A62C47DD15003C0E29 /* EndPointType.swift */; };
		920D97AA2C47FCCD003C0E29 /* Kingfisher in Frameworks */ = {isa = PBXBuildFile; productRef = 920D97A92C47FCCD003C0E29 /* Kingfisher */; };
		920D97AD2C48E3A8003C0E29 /* RegisterModel.swift in Sources */ = {isa = PBXBuildFile; fileRef = 920D97AC2C48E3A8003C0E29 /* RegisterModel.swift */; };
		920D97AF2C48E3BF003C0E29 /* RegisterViewController.swift in Sources */ = {isa = PBXBuildFile; fileRef = 920D97AE2C48E3BF003C0E29 /* RegisterViewController.swift */; };
		920D97B12C48E3D8003C0E29 /* RegisterViewModel.swift in Sources */ = {isa = PBXBuildFile; fileRef = 920D97B02C48E3D8003C0E29 /* RegisterViewModel.swift */; };
/* End PBXBuildFile section */

/* Begin PBXFileReference section */
		920D97702C4791B1003C0E29 /* NeoStore Training App.app */ = {isa = PBXFileReference; explicitFileType = wrapper.application; includeInIndex = 0; path = "NeoStore Training App.app"; sourceTree = BUILT_PRODUCTS_DIR; };
		920D97732C4791B1003C0E29 /* AppDelegate.swift */ = {isa = PBXFileReference; lastKnownFileType = sourcecode.swift; path = AppDelegate.swift; sourceTree = "<group>"; };
		920D97752C4791B1003C0E29 /* SceneDelegate.swift */ = {isa = PBXFileReference; lastKnownFileType = sourcecode.swift; path = SceneDelegate.swift; sourceTree = "<group>"; };
		920D977A2C4791B1003C0E29 /* Base */ = {isa = PBXFileReference; lastKnownFileType = file.storyboard; name = Base; path = Base.lproj/Main.storyboard; sourceTree = "<group>"; };
		920D977D2C4791B1003C0E29 /* NeoStore_Training_App.xcdatamodel */ = {isa = PBXFileReference; lastKnownFileType = wrapper.xcdatamodel; path = NeoStore_Training_App.xcdatamodel; sourceTree = "<group>"; };
		920D977F2C4791B4003C0E29 /* Assets.xcassets */ = {isa = PBXFileReference; lastKnownFileType = folder.assetcatalog; path = Assets.xcassets; sourceTree = "<group>"; };
		920D97822C4791B4003C0E29 /* Base */ = {isa = PBXFileReference; lastKnownFileType = file.storyboard; name = Base; path = Base.lproj/LaunchScreen.storyboard; sourceTree = "<group>"; };
		920D97842C4791B4003C0E29 /* Info.plist */ = {isa = PBXFileReference; lastKnownFileType = text.plist.xml; path = Info.plist; sourceTree = "<group>"; };
		920D97942C47C5F2003C0E29 /* APIManager.swift */ = {isa = PBXFileReference; lastKnownFileType = sourcecode.swift; path = APIManager.swift; sourceTree = "<group>"; };
		920D979F2C47CCAE003C0E29 /* LoginModel.swift */ = {isa = PBXFileReference; lastKnownFileType = sourcecode.swift; path = LoginModel.swift; sourceTree = "<group>"; };
		920D97A22C47CD2E003C0E29 /* LoginViewController.swift */ = {isa = PBXFileReference; lastKnownFileType = sourcecode.swift; path = LoginViewController.swift; sourceTree = "<group>"; };
		920D97A42C47CE9D003C0E29 /* LoginViewModel.swift */ = {isa = PBXFileReference; lastKnownFileType = sourcecode.swift; path = LoginViewModel.swift; sourceTree = "<group>"; };
		920D97A62C47DD15003C0E29 /* EndPointType.swift */ = {isa = PBXFileReference; lastKnownFileType = sourcecode.swift; path = EndPointType.swift; sourceTree = "<group>"; };
		920D97AC2C48E3A8003C0E29 /* RegisterModel.swift */ = {isa = PBXFileReference; lastKnownFileType = sourcecode.swift; path = RegisterModel.swift; sourceTree = "<group>"; };
		920D97AE2C48E3BF003C0E29 /* RegisterViewController.swift */ = {isa = PBXFileReference; lastKnownFileType = sourcecode.swift; path = RegisterViewController.swift; sourceTree = "<group>"; };
		920D97B02C48E3D8003C0E29 /* RegisterViewModel.swift */ = {isa = PBXFileReference; lastKnownFileType = sourcecode.swift; path = RegisterViewModel.swift; sourceTree = "<group>"; };
/* End PBXFileReference section */

/* Begin PBXFrameworksBuildPhase section */
		920D976D2C4791B1003C0E29 /* Frameworks */ = {
			isa = PBXFrameworksBuildPhase;
			buildActionMask = 2147483647;
			files = (
				920D97AA2C47FCCD003C0E29 /* Kingfisher in Frameworks */,
				920D978C2C47920F003C0E29 /* Alamofire in Frameworks */,
			);
			runOnlyForDeploymentPostprocessing = 0;
		};
/* End PBXFrameworksBuildPhase section */

/* Begin PBXGroup section */
		920D97672C4791B1003C0E29 = {
			isa = PBXGroup;
			children = (
				920D97722C4791B1003C0E29 /* NeoStore Training App */,
				920D97712C4791B1003C0E29 /* Products */,
			);
			sourceTree = "<group>";
		};
		920D97712C4791B1003C0E29 /* Products */ = {
			isa = PBXGroup;
			children = (
				920D97702C4791B1003C0E29 /* NeoStore Training App.app */,
			);
			name = Products;
			sourceTree = "<group>";
		};
		920D97722C4791B1003C0E29 /* NeoStore Training App */ = {
			isa = PBXGroup;
			children = (
				920D97932C479328003C0E29 /* Application */,
				920D97922C479324003C0E29 /* Constant */,
				920D97912C47931C003C0E29 /* Extension */,
				920D97AB2C4801CA003C0E29 /* Utility */,
				920D97902C479319003C0E29 /* Helper */,
				920D978F2C479316003C0E29 /* Screens */,
				920D978E2C479313003C0E29 /* Storyboard */,
				920D978D2C479311003C0E29 /* Resources */,
				920D97842C4791B4003C0E29 /* Info.plist */,
				920D977C2C4791B1003C0E29 /* NeoStore_Training_App.xcdatamodeld */,
			);
			path = "NeoStore Training App";
			sourceTree = "<group>";
		};
		920D978D2C479311003C0E29 /* Resources */ = {
			isa = PBXGroup;
			children = (
				920D977F2C4791B4003C0E29 /* Assets.xcassets */,
			);
			path = Resources;
			sourceTree = "<group>";
		};
		920D978E2C479313003C0E29 /* Storyboard */ = {
			isa = PBXGroup;
			children = (
				920D97812C4791B4003C0E29 /* LaunchScreen.storyboard */,
				920D97792C4791B1003C0E29 /* Main.storyboard */,
			);
			path = Storyboard;
			sourceTree = "<group>";
		};
		920D978F2C479316003C0E29 /* Screens */ = {
			isa = PBXGroup;
			children = (
				920D97962C47C6CB003C0E29 /* Login */,
				920D97972C47C6D3003C0E29 /* Register */,
			);
			path = Screens;
			sourceTree = "<group>";
		};
		920D97902C479319003C0E29 /* Helper */ = {
			isa = PBXGroup;
			children = (
				920D97942C47C5F2003C0E29 /* APIManager.swift */,
			);
			path = Helper;
			sourceTree = "<group>";
		};
		920D97912C47931C003C0E29 /* Extension */ = {
			isa = PBXGroup;
			children = (
			);
			path = Extension;
			sourceTree = "<group>";
		};
		920D97922C479324003C0E29 /* Constant */ = {
			isa = PBXGroup;
			children = (
			);
			path = Constant;
			sourceTree = "<group>";
		};
		920D97932C479328003C0E29 /* Application */ = {
			isa = PBXGroup;
			children = (
				920D97732C4791B1003C0E29 /* AppDelegate.swift */,
				920D97752C4791B1003C0E29 /* SceneDelegate.swift */,
			);
			path = Application;
			sourceTree = "<group>";
		};
		920D97962C47C6CB003C0E29 /* Login */ = {
			isa = PBXGroup;
			children = (
				920D979A2C47C6E9003C0E29 /* Model */,
				920D97992C47C6E6003C0E29 /* View */,
				920D97982C47C6E3003C0E29 /* ViewModel */,
			);
			path = Login;
			sourceTree = "<group>";
		};
		920D97972C47C6D3003C0E29 /* Register */ = {
			isa = PBXGroup;
			children = (
				920D979E2C47C70D003C0E29 /* Model */,
				920D979D2C47C70A003C0E29 /* View */,
				920D979C2C47C707003C0E29 /* ViewModel */,
			);
			path = Register;
			sourceTree = "<group>";
		};
		920D97982C47C6E3003C0E29 /* ViewModel */ = {
			isa = PBXGroup;
			children = (
				920D97A42C47CE9D003C0E29 /* LoginViewModel.swift */,
			);
			path = ViewModel;
			sourceTree = "<group>";
		};
		920D97992C47C6E6003C0E29 /* View */ = {
			isa = PBXGroup;
			children = (
				920D97A22C47CD2E003C0E29 /* LoginViewController.swift */,
			);
			path = View;
			sourceTree = "<group>";
		};
		920D979A2C47C6E9003C0E29 /* Model */ = {
			isa = PBXGroup;
			children = (
				920D979F2C47CCAE003C0E29 /* LoginModel.swift */,
			);
			path = Model;
			sourceTree = "<group>";
		};
		920D979C2C47C707003C0E29 /* ViewModel */ = {
			isa = PBXGroup;
			children = (
				920D97B02C48E3D8003C0E29 /* RegisterViewModel.swift */,
			);
			path = ViewModel;
			sourceTree = "<group>";
		};
		920D979D2C47C70A003C0E29 /* View */ = {
			isa = PBXGroup;
			children = (
				920D97AE2C48E3BF003C0E29 /* RegisterViewController.swift */,
			);
			path = View;
			sourceTree = "<group>";
		};
		920D979E2C47C70D003C0E29 /* Model */ = {
			isa = PBXGroup;
			children = (
				920D97AC2C48E3A8003C0E29 /* RegisterModel.swift */,
			);
			path = Model;
			sourceTree = "<group>";
		};
		920D97AB2C4801CA003C0E29 /* Utility */ = {
			isa = PBXGroup;
			children = (
				920D97A62C47DD15003C0E29 /* EndPointType.swift */,
			);
			path = Utility;
			sourceTree = "<group>";
		};
/* End PBXGroup section */

/* Begin PBXNativeTarget section */
		920D976F2C4791B1003C0E29 /* NeoStore Training App */ = {
			isa = PBXNativeTarget;
			buildConfigurationList = 920D97872C4791B4003C0E29 /* Build configuration list for PBXNativeTarget "NeoStore Training App" */;
			buildPhases = (
				920D976C2C4791B1003C0E29 /* Sources */,
				920D976D2C4791B1003C0E29 /* Frameworks */,
				920D976E2C4791B1003C0E29 /* Resources */,
			);
			buildRules = (
			);
			dependencies = (
			);
			name = "NeoStore Training App";
			packageProductDependencies = (
				920D978B2C47920F003C0E29 /* Alamofire */,
				920D97A92C47FCCD003C0E29 /* Kingfisher */,
			);
			productName = "NeoStore Training App";
			productReference = 920D97702C4791B1003C0E29 /* NeoStore Training App.app */;
			productType = "com.apple.product-type.application";
		};
/* End PBXNativeTarget section */

/* Begin PBXProject section */
		920D97682C4791B1003C0E29 /* Project object */ = {
			isa = PBXProject;
			attributes = {
				BuildIndependentTargetsInParallel = 1;
				LastSwiftUpdateCheck = 1410;
				LastUpgradeCheck = 1410;
				TargetAttributes = {
					920D976F2C4791B1003C0E29 = {
						CreatedOnToolsVersion = 14.1;
					};
				};
			};
			buildConfigurationList = 920D976B2C4791B1003C0E29 /* Build configuration list for PBXProject "NeoStore Training App" */;
			compatibilityVersion = "Xcode 14.0";
			developmentRegion = en;
			hasScannedForEncodings = 0;
			knownRegions = (
				en,
				Base,
			);
			mainGroup = 920D97672C4791B1003C0E29;
			packageReferences = (
				920D978A2C47920F003C0E29 /* XCRemoteSwiftPackageReference "Alamofire" */,
				920D97A82C47FCCD003C0E29 /* XCRemoteSwiftPackageReference "Kingfisher" */,
			);
			productRefGroup = 920D97712C4791B1003C0E29 /* Products */;
			projectDirPath = "";
			projectRoot = "";
			targets = (
				920D976F2C4791B1003C0E29 /* NeoStore Training App */,
			);
		};
/* End PBXProject section */

/* Begin PBXResourcesBuildPhase section */
		920D976E2C4791B1003C0E29 /* Resources */ = {
			isa = PBXResourcesBuildPhase;
			buildActionMask = 2147483647;
			files = (
				920D97832C4791B4003C0E29 /* LaunchScreen.storyboard in Resources */,
				920D97802C4791B4003C0E29 /* Assets.xcassets in Resources */,
				920D977B2C4791B1003C0E29 /* Main.storyboard in Resources */,
			);
			runOnlyForDeploymentPostprocessing = 0;
		};
/* End PBXResourcesBuildPhase section */

/* Begin PBXSourcesBuildPhase section */
		920D976C2C4791B1003C0E29 /* Sources */ = {
			isa = PBXSourcesBuildPhase;
			buildActionMask = 2147483647;
			files = (
				920D97A32C47CD2E003C0E29 /* LoginViewController.swift in Sources */,
				920D97AF2C48E3BF003C0E29 /* RegisterViewController.swift in Sources */,
				920D97A72C47DD15003C0E29 /* EndPointType.swift in Sources */,
				920D97A02C47CCAE003C0E29 /* LoginModel.swift in Sources */,
				920D97B12C48E3D8003C0E29 /* RegisterViewModel.swift in Sources */,
				920D97952C47C5F2003C0E29 /* APIManager.swift in Sources */,
				920D977E2C4791B1003C0E29 /* NeoStore_Training_App.xcdatamodeld in Sources */,
				920D97742C4791B1003C0E29 /* AppDelegate.swift in Sources */,
				920D97762C4791B1003C0E29 /* SceneDelegate.swift in Sources */,
				920D97A52C47CE9D003C0E29 /* LoginViewModel.swift in Sources */,
				920D97AD2C48E3A8003C0E29 /* RegisterModel.swift in Sources */,
			);
			runOnlyForDeploymentPostprocessing = 0;
		};
/* End PBXSourcesBuildPhase section */

/* Begin PBXVariantGroup section */
		920D97792C4791B1003C0E29 /* Main.storyboard */ = {
			isa = PBXVariantGroup;
			children = (
				920D977A2C4791B1003C0E29 /* Base */,
			);
			name = Main.storyboard;
			sourceTree = "<group>";
		};
		920D97812C4791B4003C0E29 /* LaunchScreen.storyboard */ = {
			isa = PBXVariantGroup;
			children = (
				920D97822C4791B4003C0E29 /* Base */,
			);
			name = LaunchScreen.storyboard;
			sourceTree = "<group>";
		};
/* End PBXVariantGroup section */

/* Begin XCBuildConfiguration section */
		920D97852C4791B4003C0E29 /* Debug */ = {
			isa = XCBuildConfiguration;
			buildSettings = {
				ALWAYS_SEARCH_USER_PATHS = NO;
				CLANG_ANALYZER_NONNULL = YES;
				CLANG_ANALYZER_NUMBER_OBJECT_CONVERSION = YES_AGGRESSIVE;
				CLANG_CXX_LANGUAGE_STANDARD = "gnu++20";
				CLANG_ENABLE_MODULES = YES;
				CLANG_ENABLE_OBJC_ARC = YES;
				CLANG_ENABLE_OBJC_WEAK = YES;
				CLANG_WARN_BLOCK_CAPTURE_AUTORELEASING = YES;
				CLANG_WARN_BOOL_CONVERSION = YES;
				CLANG_WARN_COMMA = YES;
				CLANG_WARN_CONSTANT_CONVERSION = YES;
				CLANG_WARN_DEPRECATED_OBJC_IMPLEMENTATIONS = YES;
				CLANG_WARN_DIRECT_OBJC_ISA_USAGE = YES_ERROR;
				CLANG_WARN_DOCUMENTATION_COMMENTS = YES;
				CLANG_WARN_EMPTY_BODY = YES;
				CLANG_WARN_ENUM_CONVERSION = YES;
				CLANG_WARN_INFINITE_RECURSION = YES;
				CLANG_WARN_INT_CONVERSION = YES;
				CLANG_WARN_NON_LITERAL_NULL_CONVERSION = YES;
				CLANG_WARN_OBJC_IMPLICIT_RETAIN_SELF = YES;
				CLANG_WARN_OBJC_LITERAL_CONVERSION = YES;
				CLANG_WARN_OBJC_ROOT_CLASS = YES_ERROR;
				CLANG_WARN_QUOTED_INCLUDE_IN_FRAMEWORK_HEADER = YES;
				CLANG_WARN_RANGE_LOOP_ANALYSIS = YES;
				CLANG_WARN_STRICT_PROTOTYPES = YES;
				CLANG_WARN_SUSPICIOUS_MOVE = YES;
				CLANG_WARN_UNGUARDED_AVAILABILITY = YES_AGGRESSIVE;
				CLANG_WARN_UNREACHABLE_CODE = YES;
				CLANG_WARN__DUPLICATE_METHOD_MATCH = YES;
				COPY_PHASE_STRIP = NO;
				DEBUG_INFORMATION_FORMAT = dwarf;
				ENABLE_STRICT_OBJC_MSGSEND = YES;
				ENABLE_TESTABILITY = YES;
				GCC_C_LANGUAGE_STANDARD = gnu11;
				GCC_DYNAMIC_NO_PIC = NO;
				GCC_NO_COMMON_BLOCKS = YES;
				GCC_OPTIMIZATION_LEVEL = 0;
				GCC_PREPROCESSOR_DEFINITIONS = (
					"DEBUG=1",
					"$(inherited)",
				);
				GCC_WARN_64_TO_32_BIT_CONVERSION = YES;
				GCC_WARN_ABOUT_RETURN_TYPE = YES_ERROR;
				GCC_WARN_UNDECLARED_SELECTOR = YES;
				GCC_WARN_UNINITIALIZED_AUTOS = YES_AGGRESSIVE;
				GCC_WARN_UNUSED_FUNCTION = YES;
				GCC_WARN_UNUSED_VARIABLE = YES;
				IPHONEOS_DEPLOYMENT_TARGET = 16.1;
				MTL_ENABLE_DEBUG_INFO = INCLUDE_SOURCE;
				MTL_FAST_MATH = YES;
				ONLY_ACTIVE_ARCH = YES;
				SDKROOT = iphoneos;
				SWIFT_ACTIVE_COMPILATION_CONDITIONS = DEBUG;
				SWIFT_OPTIMIZATION_LEVEL = "-Onone";
			};
			name = Debug;
		};
		920D97862C4791B4003C0E29 /* Release */ = {
			isa = XCBuildConfiguration;
			buildSettings = {
				ALWAYS_SEARCH_USER_PATHS = NO;
				CLANG_ANALYZER_NONNULL = YES;
				CLANG_ANALYZER_NUMBER_OBJECT_CONVERSION = YES_AGGRESSIVE;
				CLANG_CXX_LANGUAGE_STANDARD = "gnu++20";
				CLANG_ENABLE_MODULES = YES;
				CLANG_ENABLE_OBJC_ARC = YES;
				CLANG_ENABLE_OBJC_WEAK = YES;
				CLANG_WARN_BLOCK_CAPTURE_AUTORELEASING = YES;
				CLANG_WARN_BOOL_CONVERSION = YES;
				CLANG_WARN_COMMA = YES;
				CLANG_WARN_CONSTANT_CONVERSION = YES;
				CLANG_WARN_DEPRECATED_OBJC_IMPLEMENTATIONS = YES;
				CLANG_WARN_DIRECT_OBJC_ISA_USAGE = YES_ERROR;
				CLANG_WARN_DOCUMENTATION_COMMENTS = YES;
				CLANG_WARN_EMPTY_BODY = YES;
				CLANG_WARN_ENUM_CONVERSION = YES;
				CLANG_WARN_INFINITE_RECURSION = YES;
				CLANG_WARN_INT_CONVERSION = YES;
				CLANG_WARN_NON_LITERAL_NULL_CONVERSION = YES;
				CLANG_WARN_OBJC_IMPLICIT_RETAIN_SELF = YES;
				CLANG_WARN_OBJC_LITERAL_CONVERSION = YES;
				CLANG_WARN_OBJC_ROOT_CLASS = YES_ERROR;
				CLANG_WARN_QUOTED_INCLUDE_IN_FRAMEWORK_HEADER = YES;
				CLANG_WARN_RANGE_LOOP_ANALYSIS = YES;
				CLANG_WARN_STRICT_PROTOTYPES = YES;
				CLANG_WARN_SUSPICIOUS_MOVE = YES;
				CLANG_WARN_UNGUARDED_AVAILABILITY = YES_AGGRESSIVE;
				CLANG_WARN_UNREACHABLE_CODE = YES;
				CLANG_WARN__DUPLICATE_METHOD_MATCH = YES;
				COPY_PHASE_STRIP = NO;
				DEBUG_INFORMATION_FORMAT = "dwarf-with-dsym";
				ENABLE_NS_ASSERTIONS = NO;
				ENABLE_STRICT_OBJC_MSGSEND = YES;
				GCC_C_LANGUAGE_STANDARD = gnu11;
				GCC_NO_COMMON_BLOCKS = YES;
				GCC_WARN_64_TO_32_BIT_CONVERSION = YES;
				GCC_WARN_ABOUT_RETURN_TYPE = YES_ERROR;
				GCC_WARN_UNDECLARED_SELECTOR = YES;
				GCC_WARN_UNINITIALIZED_AUTOS = YES_AGGRESSIVE;
				GCC_WARN_UNUSED_FUNCTION = YES;
				GCC_WARN_UNUSED_VARIABLE = YES;
				IPHONEOS_DEPLOYMENT_TARGET = 16.1;
				MTL_ENABLE_DEBUG_INFO = NO;
				MTL_FAST_MATH = YES;
				SDKROOT = iphoneos;
				SWIFT_COMPILATION_MODE = wholemodule;
				SWIFT_OPTIMIZATION_LEVEL = "-O";
				VALIDATE_PRODUCT = YES;
			};
			name = Release;
		};
		920D97882C4791B4003C0E29 /* Debug */ = {
			isa = XCBuildConfiguration;
			buildSettings = {
				ASSETCATALOG_COMPILER_APPICON_NAME = AppIcon;
				ASSETCATALOG_COMPILER_GLOBAL_ACCENT_COLOR_NAME = AccentColor;
				CODE_SIGN_STYLE = Manual;
				CURRENT_PROJECT_VERSION = 1;
				DEVELOPMENT_TEAM = "";
				GENERATE_INFOPLIST_FILE = YES;
				INFOPLIST_FILE = "NeoStore Training App/Info.plist";
				INFOPLIST_KEY_UIApplicationSupportsIndirectInputEvents = YES;
				INFOPLIST_KEY_UILaunchStoryboardName = LaunchScreen;
				INFOPLIST_KEY_UIMainStoryboardFile = Main;
				INFOPLIST_KEY_UISupportedInterfaceOrientations_iPad = "UIInterfaceOrientationPortrait UIInterfaceOrientationPortraitUpsideDown UIInterfaceOrientationLandscapeLeft UIInterfaceOrientationLandscapeRight";
				INFOPLIST_KEY_UISupportedInterfaceOrientations_iPhone = "UIInterfaceOrientationPortrait UIInterfaceOrientationLandscapeLeft UIInterfaceOrientationLandscapeRight";
				LD_RUNPATH_SEARCH_PATHS = (
					"$(inherited)",
					"@executable_path/Frameworks",
				);
				MARKETING_VERSION = 1.0;
				PRODUCT_BUNDLE_IDENTIFIER = "com.neosoft.NeoStore-Training-App";
				PRODUCT_NAME = "$(TARGET_NAME)";
				PROVISIONING_PROFILE_SPECIFIER = "";
				SWIFT_EMIT_LOC_STRINGS = YES;
				SWIFT_VERSION = 5.0;
				TARGETED_DEVICE_FAMILY = "1,2";
			};
			name = Debug;
		};
		920D97892C4791B4003C0E29 /* Release */ = {
			isa = XCBuildConfiguration;
			buildSettings = {
				ASSETCATALOG_COMPILER_APPICON_NAME = AppIcon;
				ASSETCATALOG_COMPILER_GLOBAL_ACCENT_COLOR_NAME = AccentColor;
				CODE_SIGN_STYLE = Manual;
				CURRENT_PROJECT_VERSION = 1;
				DEVELOPMENT_TEAM = "";
				GENERATE_INFOPLIST_FILE = YES;
				INFOPLIST_FILE = "NeoStore Training App/Info.plist";
				INFOPLIST_KEY_UIApplicationSupportsIndirectInputEvents = YES;
				INFOPLIST_KEY_UILaunchStoryboardName = LaunchScreen;
				INFOPLIST_KEY_UIMainStoryboardFile = Main;
				INFOPLIST_KEY_UISupportedInterfaceOrientations_iPad = "UIInterfaceOrientationPortrait UIInterfaceOrientationPortraitUpsideDown UIInterfaceOrientationLandscapeLeft UIInterfaceOrientationLandscapeRight";
				INFOPLIST_KEY_UISupportedInterfaceOrientations_iPhone = "UIInterfaceOrientationPortrait UIInterfaceOrientationLandscapeLeft UIInterfaceOrientationLandscapeRight";
				LD_RUNPATH_SEARCH_PATHS = (
					"$(inherited)",
					"@executable_path/Frameworks",
				);
				MARKETING_VERSION = 1.0;
				PRODUCT_BUNDLE_IDENTIFIER = "com.neosoft.NeoStore-Training-App";
				PRODUCT_NAME = "$(TARGET_NAME)";
				PROVISIONING_PROFILE_SPECIFIER = "";
				SWIFT_EMIT_LOC_STRINGS = YES;
				SWIFT_VERSION = 5.0;
				TARGETED_DEVICE_FAMILY = "1,2";
			};
			name = Release;
		};
/* End XCBuildConfiguration section */

/* Begin XCConfigurationList section */
		920D976B2C4791B1003C0E29 /* Build configuration list for PBXProject "NeoStore Training App" */ = {
			isa = XCConfigurationList;
			buildConfigurations = (
				920D97852C4791B4003C0E29 /* Debug */,
				920D97862C4791B4003C0E29 /* Release */,
			);
			defaultConfigurationIsVisible = 0;
			defaultConfigurationName = Release;
		};
		920D97872C4791B4003C0E29 /* Build configuration list for PBXNativeTarget "NeoStore Training App" */ = {
			isa = XCConfigurationList;
			buildConfigurations = (
				920D97882C4791B4003C0E29 /* Debug */,
				920D97892C4791B4003C0E29 /* Release */,
			);
			defaultConfigurationIsVisible = 0;
			defaultConfigurationName = Release;
		};
/* End XCConfigurationList section */

/* Begin XCRemoteSwiftPackageReference section */
		920D978A2C47920F003C0E29 /* XCRemoteSwiftPackageReference "Alamofire" */ = {
			isa = XCRemoteSwiftPackageReference;
			repositoryURL = "https://github.com/Alamofire/Alamofire";
			requirement = {
				branch = master;
				kind = branch;
			};
		};
		920D97A82C47FCCD003C0E29 /* XCRemoteSwiftPackageReference "Kingfisher" */ = {
			isa = XCRemoteSwiftPackageReference;
			repositoryURL = "https://github.com/onevcat/Kingfisher.git";
			requirement = {
				kind = upToNextMajorVersion;
				minimumVersion = 7.0.0;
			};
		};
/* End XCRemoteSwiftPackageReference section */

/* Begin XCSwiftPackageProductDependency section */
		920D978B2C47920F003C0E29 /* Alamofire */ = {
			isa = XCSwiftPackageProductDependency;
			package = 920D978A2C47920F003C0E29 /* XCRemoteSwiftPackageReference "Alamofire" */;
			productName = Alamofire;
		};
		920D97A92C47FCCD003C0E29 /* Kingfisher */ = {
			isa = XCSwiftPackageProductDependency;
			package = 920D97A82C47FCCD003C0E29 /* XCRemoteSwiftPackageReference "Kingfisher" */;
			productName = Kingfisher;
		};
/* End XCSwiftPackageProductDependency section */

/* Begin XCVersionGroup section */
		920D977C2C4791B1003C0E29 /* NeoStore_Training_App.xcdatamodeld */ = {
			isa = XCVersionGroup;
			children = (
				920D977D2C4791B1003C0E29 /* NeoStore_Training_App.xcdatamodel */,
			);
			currentVersion = 920D977D2C4791B1003C0E29 /* NeoStore_Training_App.xcdatamodel */;
			path = NeoStore_Training_App.xcdatamodeld;
			sourceTree = "<group>";
			versionGroupType = wrapper.xcdatamodel;
		};
/* End XCVersionGroup section */
	};
	rootObject = 920D97682C4791B1003C0E29 /* Project object */;
}
